
Microsoft Visual Studio Solution File, Format Version 12.00
# Visual Studio 15
VisualStudioVersion = 15.0.27130.2010
MinimumVisualStudioVersion = 10.0.40219.1
Project("{FAE04EC0-301F-11D3-BF4B-00C04F79EFBC}") = "BcitAdvProj", "BcitAdvProj\BcitAdvProj.csproj", "{50A82353-616C-40F6-B185-DD864B0C3AAB}"
EndProject
Global
	GlobalSection(SolutionConfigurationPlatforms) = preSolution
		Debug|Any CPU = Debug|Any CPU
		Release|Any CPU = Release|Any CPU
	EndGlobalSection
	GlobalSection(ProjectConfigurationPlatforms) = postSolution
		{50A82353-616C-40F6-B185-DD864B0C3AAB}.Debug|Any CPU.ActiveCfg = Debug|Any CPU
		{50A82353-616C-40F6-B185-DD864B0C3AAB}.Debug|Any CPU.Build.0 = Debug|Any CPU
		{50A82353-616C-40F6-B185-DD864B0C3AAB}.Release|Any CPU.ActiveCfg = Release|Any CPU
		{50A82353-616C-40F6-B185-DD864B0C3AAB}.Release|Any CPU.Build.0 = Release|Any CPU
	EndGlobalSection
	GlobalSection(SolutionProperties) = preSolution
		HideSolutionNode = FALSE
	EndGlobalSection
	GlobalSection(ExtensibilityGlobals) = postSolution
		SolutionGuid = {A9A9B4FE-526A-462E-84AE-8E17EF91CBC5}
	EndGlobalSection
EndGlobal
